
Microsoft Visual Studio Solution File, Format Version 12.00
# Visual Studio Version 16
VisualStudioVersion = 16.0.31410.357
MinimumVisualStudioVersion = 10.0.40219.1
Project("{9A19103F-16F7-4668-BE54-9A1E7A4F7556}") = "DevFreela.Api", "DevFreela.Api\DevFreela.Api.csproj", "{C7E30530-0049-4DF4-A318-A3ADC7696591}"
EndProject
Project("{FAE04EC0-301F-11D3-BF4B-00C04F79EFBC}") = "DevFreela.Core", "DevFreela.Core\DevFreela.Core.csproj", "{185C1041-5043-4E0A-B850-5B0E8EF887F1}"
EndProject
Project("{FAE04EC0-301F-11D3-BF4B-00C04F79EFBC}") = "DevFreela.Infrastructure", "DevFreela.Infrastructure\DevFreela.Infrastructure.csproj", "{86BB64FC-DDB3-4186-BDF5-6E82252144E0}"
EndProject
Project("{FAE04EC0-301F-11D3-BF4B-00C04F79EFBC}") = "DevFreela.Application", "DevFreela.Application\DevFreela.Application.csproj", "{64B350F8-6987-4847-BAA8-EBC36D1B82B3}"
EndProject
Global
	GlobalSection(SolutionConfigurationPlatforms) = preSolution
		Debug|Any CPU = Debug|Any CPU
		Release|Any CPU = Release|Any CPU
	EndGlobalSection
	GlobalSection(ProjectConfigurationPlatforms) = postSolution
		{C7E30530-0049-4DF4-A318-A3ADC7696591}.Debug|Any CPU.ActiveCfg = Debug|Any CPU
		{C7E30530-0049-4DF4-A318-A3ADC7696591}.Debug|Any CPU.Build.0 = Debug|Any CPU
		{C7E30530-0049-4DF4-A318-A3ADC7696591}.Release|Any CPU.ActiveCfg = Release|Any CPU
		{C7E30530-0049-4DF4-A318-A3ADC7696591}.Release|Any CPU.Build.0 = Release|Any CPU
		{185C1041-5043-4E0A-B850-5B0E8EF887F1}.Debug|Any CPU.ActiveCfg = Debug|Any CPU
		{185C1041-5043-4E0A-B850-5B0E8EF887F1}.Debug|Any CPU.Build.0 = Debug|Any CPU
		{185C1041-5043-4E0A-B850-5B0E8EF887F1}.Release|Any CPU.ActiveCfg = Release|Any CPU
		{185C1041-5043-4E0A-B850-5B0E8EF887F1}.Release|Any CPU.Build.0 = Release|Any CPU
		{86BB64FC-DDB3-4186-BDF5-6E82252144E0}.Debug|Any CPU.ActiveCfg = Debug|Any CPU
		{86BB64FC-DDB3-4186-BDF5-6E82252144E0}.Debug|Any CPU.Build.0 = Debug|Any CPU
		{86BB64FC-DDB3-4186-BDF5-6E82252144E0}.Release|Any CPU.ActiveCfg = Release|Any CPU
		{86BB64FC-DDB3-4186-BDF5-6E82252144E0}.Release|Any CPU.Build.0 = Release|Any CPU
		{64B350F8-6987-4847-BAA8-EBC36D1B82B3}.Debug|Any CPU.ActiveCfg = Debug|Any CPU
		{64B350F8-6987-4847-BAA8-EBC36D1B82B3}.Debug|Any CPU.Build.0 = Debug|Any CPU
		{64B350F8-6987-4847-BAA8-EBC36D1B82B3}.Release|Any CPU.ActiveCfg = Release|Any CPU
		{64B350F8-6987-4847-BAA8-EBC36D1B82B3}.Release|Any CPU.Build.0 = Release|Any CPU
	EndGlobalSection
	GlobalSection(SolutionProperties) = preSolution
		HideSolutionNode = FALSE
	EndGlobalSection
	GlobalSection(ExtensibilityGlobals) = postSolution
		SolutionGuid = {6C26057F-21CF-48A1-996E-B5739818F11E}
	EndGlobalSection
EndGlobal
